PODS:
  - FunkyPlayerService (0.1.4):
    - FunkyPlayerService/LocalPlayer (= 0.1.4)
    - FunkyPlayerService/PlayerService (= 0.1.4)
    - FunkyPlayerService/RemotePlayer (= 0.1.4)
  - FunkyPlayerService/LocalPlayer (0.1.4)
  - FunkyPlayerService/PlayerService (0.1.4):
    - FunkyPlayerService/LocalPlayer
    - FunkyPlayerService/RemotePlayer
  - FunkyPlayerService/RemotePlayer (0.1.4)

DEPENDENCIES:
  - FunkyPlayerService (from `../`)

EXTERNAL SOURCES:
  FunkyPlayerService:
    :path: ../

SPEC CHECKSUMS:
  FunkyPlayerService: 6f011ea6b79a0ae601287ede3632e6377f330b8b

PODFILE CHECKSUM: c1a05307426d38869c6ab7cf81749c1560e8ccd0

COCOAPODS: 1.2.1
